
Microsoft Visual Studio Solution File, Format Version 12.00
# Visual Studio Version 17
VisualStudioVersion = 17.0.31423.177
MinimumVisualStudioVersion = 10.0.40219.1
Project("{2150E333-8FDC-42A3-9474-1A3956D46DE8}") = "src", "src", "{719809C2-A551-4C4A-9EFD-B10FB5E35BC0}"
	ProjectSection(SolutionItems) = preProject
		src\Directory.Build.props = src\Directory.Build.props
	EndProjectSection
EndProject
Project("{2150E333-8FDC-42A3-9474-1A3956D46DE8}") = "Solution Items", "Solution Items", "{F20E2797-D1E3-4321-91BB-FAE54954D2A0}"
	ProjectSection(SolutionItems) = preProject
		.editorconfig = .editorconfig
		.gitattributes = .gitattributes
		.gitignore = .gitignore
		build.cake = build.cake
		Directory.Build.props = Directory.Build.props
		Directory.Build.targets = Directory.Build.targets
		dotnet-tools.json = dotnet-tools.json
		global.json = global.json
		Key.snk = Key.snk
		renovate.json = renovate.json
		README.md = README.md
		LICENSE.md = LICENSE.md
	EndProjectSection
EndProject
Project("{2150E333-8FDC-42A3-9474-1A3956D46DE8}") = "test", "test", "{E1B24F25-B8A4-46EE-B7EB-7803DCFC543F}"
	ProjectSection(SolutionItems) = preProject
		test\.editorconfig = test\.editorconfig
		test\Directory.Build.props = test\Directory.Build.props
	EndProjectSection
EndProject
Project("{2150E333-8FDC-42A3-9474-1A3956D46DE8}") = "images", "images", "{26F71F5B-2940-4FB0-9681-A76060CBCEF9}"
ProjectSection(SolutionItems) = preProject
	images\Icon.png = images\Icon.png
EndProjectSection
EndProject
Project("{2150E333-8FDC-42A3-9474-1A3956D46DE8}") = "ISSUE_TEMPLATE", "ISSUE_TEMPLATE", "{566DF0E2-1288-4083-9B55-4C8B69BB1432}"
	ProjectSection(SolutionItems) = preProject
		.github\ISSUE_TEMPLATE\BUG_REPORT.yml = .github\ISSUE_TEMPLATE\BUG_REPORT.yml
		.github\ISSUE_TEMPLATE\FEATURE_REQUEST.yml = .github\ISSUE_TEMPLATE\FEATURE_REQUEST.yml
	EndProjectSection
EndProject
Project("{9A19103F-16F7-4668-BE54-9A1E7A4F7556}") = "Octokit.Webhooks", "src\Octokit.Webhooks\Octokit.Webhooks.csproj", "{23A518B6-3A2D-46F3-8A6D-444D6ABE6722}"
EndProject
Project("{9A19103F-16F7-4668-BE54-9A1E7A4F7556}") = "Octokit.Webhooks.AspNetCore", "src\Octokit.Webhooks.AspNetCore\Octokit.Webhooks.AspNetCore.csproj", "{E46C1DB5-F21C-46A9-8D17-F08278BC0BF8}"
EndProject
Project("{9A19103F-16F7-4668-BE54-9A1E7A4F7556}") = "Octokit.Webhooks.Test", "test\Octokit.Webhooks.Test\Octokit.Webhooks.Test.csproj", "{2207B0EA-9E2A-4131-B790-4D35A5B494D7}"
EndProject
Project("{2150E333-8FDC-42A3-9474-1A3956D46DE8}") = ".github", ".github", "{EFE1E5ED-D337-4874-82EC-D9FA0BC7D3AB}"
	ProjectSection(SolutionItems) = preProject
		.github\release-drafter.yml = .github\release-drafter.yml
		.github\PULL_REQUEST_TEMPLATE.md = .github\PULL_REQUEST_TEMPLATE.md
	EndProjectSection
EndProject
Project("{2150E333-8FDC-42A3-9474-1A3956D46DE8}") = "workflows", "workflows", "{841C67EF-BBB2-4730-8E29-22FF3FD54306}"
	ProjectSection(SolutionItems) = preProject
		.github\workflows\build.yml = .github\workflows\build.yml
		.github\workflows\codeql-analysis.yml = .github\workflows\codeql-analysis.yml
		.github\workflows\release-drafter.yml = .github\workflows\release-drafter.yml
	EndProjectSection
EndProject
Project("{FAE04EC0-301F-11D3-BF4B-00C04F79EFBC}") = "AspNetCore", "samples\AspNetCore\AspNetCore.csproj", "{2EE1581B-E8B6-409E-8879-6F1EFC8C682B}"
EndProject
Project("{2150E333-8FDC-42A3-9474-1A3956D46DE8}") = "samples", "samples", "{174C8B3B-E8D3-4845-AE7C-8C0DEC43354F}"
EndProject
Project("{FAE04EC0-301F-11D3-BF4B-00C04F79EFBC}") = "Octokit.Webhooks.TestUtils", "test\Octokit.Webhooks.TestUtils\Octokit.Webhooks.TestUtils.csproj", "{48EB4752-1A23-4DD2-AF86-21ED12475F8B}"
EndProject
Project("{FAE04EC0-301F-11D3-BF4B-00C04F79EFBC}") = "AzureFunctions", "samples\AzureFunctions\AzureFunctions.csproj", "{8731AAA1-8F8D-441A-BD61-6CA3A16A805B}"
EndProject
Project("{FAE04EC0-301F-11D3-BF4B-00C04F79EFBC}") = "Octokit.Webhooks.AzureFunctions", "src\Octokit.Webhooks.AzureFunctions\Octokit.Webhooks.AzureFunctions.csproj", "{E7A3E0C8-CE8E-434D-8E97-723F9D5206FA}"
EndProject
Global
	GlobalSection(SolutionConfigurationPlatforms) = preSolution
		Debug|Any CPU = Debug|Any CPU
		Release|Any CPU = Release|Any CPU
	EndGlobalSection
	GlobalSection(ProjectConfigurationPlatforms) = postSolution
		{23A518B6-3A2D-46F3-8A6D-444D6ABE6722}.Debug|Any CPU.ActiveCfg = Debug|Any CPU
		{23A518B6-3A2D-46F3-8A6D-444D6ABE6722}.Debug|Any CPU.Build.0 = Debug|Any CPU
		{23A518B6-3A2D-46F3-8A6D-444D6ABE6722}.Release|Any CPU.ActiveCfg = Release|Any CPU
		{23A518B6-3A2D-46F3-8A6D-444D6ABE6722}.Release|Any CPU.Build.0 = Release|Any CPU
		{2207B0EA-9E2A-4131-B790-4D35A5B494D7}.Debug|Any CPU.ActiveCfg = Debug|Any CPU
		{2207B0EA-9E2A-4131-B790-4D35A5B494D7}.Debug|Any CPU.Build.0 = Debug|Any CPU
		{2207B0EA-9E2A-4131-B790-4D35A5B494D7}.Release|Any CPU.ActiveCfg = Release|Any CPU
		{2207B0EA-9E2A-4131-B790-4D35A5B494D7}.Release|Any CPU.Build.0 = Release|Any CPU
		{E46C1DB5-F21C-46A9-8D17-F08278BC0BF8}.Debug|Any CPU.ActiveCfg = Debug|Any CPU
		{E46C1DB5-F21C-46A9-8D17-F08278BC0BF8}.Debug|Any CPU.Build.0 = Debug|Any CPU
		{E46C1DB5-F21C-46A9-8D17-F08278BC0BF8}.Release|Any CPU.ActiveCfg = Release|Any CPU
		{E46C1DB5-F21C-46A9-8D17-F08278BC0BF8}.Release|Any CPU.Build.0 = Release|Any CPU
		{2EE1581B-E8B6-409E-8879-6F1EFC8C682B}.Debug|Any CPU.ActiveCfg = Debug|Any CPU
		{2EE1581B-E8B6-409E-8879-6F1EFC8C682B}.Debug|Any CPU.Build.0 = Debug|Any CPU
		{2EE1581B-E8B6-409E-8879-6F1EFC8C682B}.Release|Any CPU.ActiveCfg = Release|Any CPU
		{2EE1581B-E8B6-409E-8879-6F1EFC8C682B}.Release|Any CPU.Build.0 = Release|Any CPU
		{48EB4752-1A23-4DD2-AF86-21ED12475F8B}.Debug|Any CPU.ActiveCfg = Debug|Any CPU
		{48EB4752-1A23-4DD2-AF86-21ED12475F8B}.Debug|Any CPU.Build.0 = Debug|Any CPU
		{48EB4752-1A23-4DD2-AF86-21ED12475F8B}.Release|Any CPU.ActiveCfg = Release|Any CPU
		{48EB4752-1A23-4DD2-AF86-21ED12475F8B}.Release|Any CPU.Build.0 = Release|Any CPU
		{8731AAA1-8F8D-441A-BD61-6CA3A16A805B}.Debug|Any CPU.ActiveCfg = Debug|Any CPU
		{8731AAA1-8F8D-441A-BD61-6CA3A16A805B}.Debug|Any CPU.Build.0 = Debug|Any CPU
		{8731AAA1-8F8D-441A-BD61-6CA3A16A805B}.Release|Any CPU.ActiveCfg = Release|Any CPU
		{8731AAA1-8F8D-441A-BD61-6CA3A16A805B}.Release|Any CPU.Build.0 = Release|Any CPU
		{E7A3E0C8-CE8E-434D-8E97-723F9D5206FA}.Debug|Any CPU.ActiveCfg = Debug|Any CPU
		{E7A3E0C8-CE8E-434D-8E97-723F9D5206FA}.Debug|Any CPU.Build.0 = Debug|Any CPU
		{E7A3E0C8-CE8E-434D-8E97-723F9D5206FA}.Release|Any CPU.ActiveCfg = Release|Any CPU
		{E7A3E0C8-CE8E-434D-8E97-723F9D5206FA}.Release|Any CPU.Build.0 = Release|Any CPU
	EndGlobalSection
	GlobalSection(SolutionProperties) = preSolution
		HideSolutionNode = FALSE
	EndGlobalSection
	GlobalSection(NestedProjects) = preSolution
		{23A518B6-3A2D-46F3-8A6D-444D6ABE6722} = {719809C2-A551-4C4A-9EFD-B10FB5E35BC0}
		{2207B0EA-9E2A-4131-B790-4D35A5B494D7} = {E1B24F25-B8A4-46EE-B7EB-7803DCFC543F}
		{EFE1E5ED-D337-4874-82EC-D9FA0BC7D3AB} = {F20E2797-D1E3-4321-91BB-FAE54954D2A0}
		{841C67EF-BBB2-4730-8E29-22FF3FD54306} = {EFE1E5ED-D337-4874-82EC-D9FA0BC7D3AB}
		{E46C1DB5-F21C-46A9-8D17-F08278BC0BF8} = {719809C2-A551-4C4A-9EFD-B10FB5E35BC0}
		{566DF0E2-1288-4083-9B55-4C8B69BB1432} = {EFE1E5ED-D337-4874-82EC-D9FA0BC7D3AB}
		{2EE1581B-E8B6-409E-8879-6F1EFC8C682B} = {174C8B3B-E8D3-4845-AE7C-8C0DEC43354F}
		{48EB4752-1A23-4DD2-AF86-21ED12475F8B} = {E1B24F25-B8A4-46EE-B7EB-7803DCFC543F}
		{8731AAA1-8F8D-441A-BD61-6CA3A16A805B} = {174C8B3B-E8D3-4845-AE7C-8C0DEC43354F}
		{E7A3E0C8-CE8E-434D-8E97-723F9D5206FA} = {719809C2-A551-4C4A-9EFD-B10FB5E35BC0}
	EndGlobalSection
	GlobalSection(ExtensibilityGlobals) = postSolution
		SolutionGuid = {73F36209-F8D6-4066-8951-D97729F773CF}
	EndGlobalSection
EndGlobal
